{
  "name": "Currency Converter SPA",
  "lockfileVersion": 2,
  "requires": true,
  "packages": {
    "": {
      "dependencies": {
        "type": "module",
        "cashify": "^3.0.1"
      }
    },
    "node_modules/@types/big.js": {
      "version": "6.1.6",
      "resolved": "https://registry.npmjs.org/@types/big.js/-/big.js-6.1.6.tgz",
      "integrity": "sha512-0r9J+Zz9rYm2hOTwiMAVkm3XFQ4u5uTK37xrQMhc9bysn/sf/okzovWMYYIBMFTn/yrEZ11pusgLEaoarTlQbA=="
    },
    "node_modules/cashify": {
      "version": "3.0.1",
      "type": "module",
      "resolved": "https://registry.npmjs.org/cashify/-/cashify-3.0.1.tgz",
      "integrity": "sha512-cwbMRr9M8LIaOHHBiXpWVBmKjbNKcvDd9QdDmIfUz7/rxufbxrfNSj7nqYcpBddcx22mXKIpx0Lq5+zwq92ekQ==",
      "dependencies": {
        "@types/big.js": "^6.1.2"
      },
      "engines": {
        "node": ">=14"
      },
      "funding": {
        "type": "opencollective",
        "url": "https://opencollective.com/cashify"
      },
      "peerDependencies": {
        "big.js": ">=6.1.1"
      },
      "peerDependenciesMeta": {
        "big.js": {
          "optional": true
        }
      }
    }
  },
  "dependencies": {
    "@types/big.js": {
      "version": "6.1.6",
      "resolved": "https://registry.npmjs.org/@types/big.js/-/big.js-6.1.6.tgz",
      "integrity": "sha512-0r9J+Zz9rYm2hOTwiMAVkm3XFQ4u5uTK37xrQMhc9bysn/sf/okzovWMYYIBMFTn/yrEZ11pusgLEaoarTlQbA=="
    },
    "cashify": {
      "version": "3.0.1",
      "resolved": "https://registry.npmjs.org/cashify/-/cashify-3.0.1.tgz",
      "integrity": "sha512-cwbMRr9M8LIaOHHBiXpWVBmKjbNKcvDd9QdDmIfUz7/rxufbxrfNSj7nqYcpBddcx22mXKIpx0Lq5+zwq92ekQ==",
      "requires": {
        "@types/big.js": "^6.1.2"
      }
    }
  }
}
